{
  "name": "CONNECT",
  "lockfileVersion": 3,
  "requires": true,
  "packages": {
    "": {
      "dependencies": {
        "@inkbox/sdk": "^0.2.10"
      }
    },
    "node_modules/@inkbox/sdk": {
      "version": "0.2.10",
      "resolved": "https://registry.npmjs.org/@inkbox/sdk/-/sdk-0.2.10.tgz",
      "integrity": "sha512-G1tRGEi05lG9N62fvUmP9W4Rp/jmkJSsCzQduQ5yInSq23KN4Fw9Fl9oz05mFUmUnz+471EXoSVxCeJAjDwSgw==",
      "license": "MIT",
      "dependencies": {
        "hash-wasm": "^4.11.0"
      },
      "engines": {
        "node": ">=18"
      }
    },
    "node_modules/hash-wasm": {
      "version": "4.12.0",
      "resolved": "https://registry.npmjs.org/hash-wasm/-/hash-wasm-4.12.0.tgz",
      "integrity": "sha512-+/2B2rYLb48I/evdOIhP+K/DD2ca2fgBjp6O+GBEnCDk2e4rpeXIK8GvIyRPjTezgmWn9gmKwkQjjx6BtqDHVQ==",
      "license": "MIT"
    }
  }
}
